
Microsoft Visual Studio Solution File, Format Version 12.00
# Visual Studio 15
VisualStudioVersion = 15.0.27703.2026
MinimumVisualStudioVersion = 10.0.40219.1
Project("{FAE04EC0-301F-11D3-BF4B-00C04F79EFBC}") = "CambioImagenes", "CambioImagenes\CambioImagenes.csproj", "{5A9C498D-25F8-40C1-A50A-F52FFFE49238}"
EndProject
Global
	GlobalSection(SolutionConfigurationPlatforms) = preSolution
		Debug|Any CPU = Debug|Any CPU
		Release|Any CPU = Release|Any CPU
	EndGlobalSection
	GlobalSection(ProjectConfigurationPlatforms) = postSolution
		{5A9C498D-25F8-40C1-A50A-F52FFFE49238}.Debug|Any CPU.ActiveCfg = Debug|Any CPU
		{5A9C498D-25F8-40C1-A50A-F52FFFE49238}.Debug|Any CPU.Build.0 = Debug|Any CPU
		{5A9C498D-25F8-40C1-A50A-F52FFFE49238}.Release|Any CPU.ActiveCfg = Release|Any CPU
		{5A9C498D-25F8-40C1-A50A-F52FFFE49238}.Release|Any CPU.Build.0 = Release|Any CPU
	EndGlobalSection
	GlobalSection(SolutionProperties) = preSolution
		HideSolutionNode = FALSE
	EndGlobalSection
	GlobalSection(ExtensibilityGlobals) = postSolution
		SolutionGuid = {9291326B-3CB6-4F39-B0FB-D7C1B6BF779C}
	EndGlobalSection
EndGlobal
